
Microsoft Visual Studio Solution File, Format Version 12.00
# Visual Studio Version 17
VisualStudioVersion = 17.14.36603.0 d17.14
MinimumVisualStudioVersion = 10.0.40219.1
Project("{FAE04EC0-301F-11D3-BF4B-00C04F79EFBC}") = "Baumarkt", "Baumarkt\Baumarkt.csproj", "{2D5892F9-C28F-4306-9690-3104245E5B63}"
EndProject
Global
	GlobalSection(SolutionConfigurationPlatforms) = preSolution
		Debug|Any CPU = Debug|Any CPU
		Release|Any CPU = Release|Any CPU
	EndGlobalSection
	GlobalSection(ProjectConfigurationPlatforms) = postSolution
		{2D5892F9-C28F-4306-9690-3104245E5B63}.Debug|Any CPU.ActiveCfg = Debug|Any CPU
		{2D5892F9-C28F-4306-9690-3104245E5B63}.Debug|Any CPU.Build.0 = Debug|Any CPU
		{2D5892F9-C28F-4306-9690-3104245E5B63}.Release|Any CPU.ActiveCfg = Release|Any CPU
		{2D5892F9-C28F-4306-9690-3104245E5B63}.Release|Any CPU.Build.0 = Release|Any CPU
	EndGlobalSection
	GlobalSection(SolutionProperties) = preSolution
		HideSolutionNode = FALSE
	EndGlobalSection
	GlobalSection(ExtensibilityGlobals) = postSolution
		SolutionGuid = {7214D3A1-B6AE-4179-9E98-91BE805C5B84}
	EndGlobalSection
EndGlobal
